
Microsoft Visual Studio Solution File, Format Version 12.00
# Visual Studio Version 16
VisualStudioVersion = 16.0.30503.244
MinimumVisualStudioVersion = 10.0.40219.1
Project("{FAE04EC0-301F-11D3-BF4B-00C04F79EFBC}") = "Zadatak1", "Zadatak1.csproj", "{B3898142-9372-424C-BCEB-E843CC4BB656}"
EndProject
Global
	GlobalSection(SolutionConfigurationPlatforms) = preSolution
		Debug|Any CPU = Debug|Any CPU
		Release|Any CPU = Release|Any CPU
	EndGlobalSection
	GlobalSection(ProjectConfigurationPlatforms) = postSolution
		{B3898142-9372-424C-BCEB-E843CC4BB656}.Debug|Any CPU.ActiveCfg = Debug|Any CPU
		{B3898142-9372-424C-BCEB-E843CC4BB656}.Debug|Any CPU.Build.0 = Debug|Any CPU
		{B3898142-9372-424C-BCEB-E843CC4BB656}.Release|Any CPU.ActiveCfg = Release|Any CPU
		{B3898142-9372-424C-BCEB-E843CC4BB656}.Release|Any CPU.Build.0 = Release|Any CPU
	EndGlobalSection
	GlobalSection(SolutionProperties) = preSolution
		HideSolutionNode = FALSE
	EndGlobalSection
	GlobalSection(ExtensibilityGlobals) = postSolution
		SolutionGuid = {0C64BA90-562B-4B51-B35C-FD79B4F61E26}
	EndGlobalSection
EndGlobal
